{
  "version": 4,
  "terraform_version": "1.1.9",
  "serial": 227,
  "lineage": "7ace5a49-3a98-4b8b-1f34-ee5bedbbbbcf",
  "outputs": {},
  "resources": [
    {
      "mode": "managed",
      "type": "google_compute_firewall",
      "name": "default",
      "provider": "provider[\"registry.terraform.io/hashicorp/google\"]",
      "instances": [
        {
          "schema_version": 1,
          "attributes": {
            "allow": [
              {
                "ports": [
                  "22",
                  "80",
                  "443"
                ],
                "protocol": "tcp"
              }
            ],
            "creation_timestamp": "2022-05-01T05:35:46.005-07:00",
            "deny": [],
            "description": "",
            "destination_ranges": [],
            "direction": "INGRESS",
            "disabled": false,
            "enable_logging": null,
            "id": "projects/omega-fabric-348508/global/firewalls/allow-ssh",
            "log_config": [],
            "name": "allow-ssh",
            "network": "https://www.googleapis.com/compute/v1/projects/omega-fabric-348508/global/networks/final-task-vpc",
            "priority": 1000,
            "project": "omega-fabric-348508",
            "self_link": "https://www.googleapis.com/compute/v1/projects/omega-fabric-348508/global/firewalls/allow-ssh",
            "source_ranges": [
              "0.0.0.0/0"
            ],
            "source_service_accounts": [],
            "source_tags": [],
            "target_service_accounts": [],
            "target_tags": [],
            "timeouts": null
          },
          "sensitive_attributes": [],
          "private": "eyJlMmJmYjczMC1lY2FhLTExZTYtOGY4OC0zNDM2M2JjN2M0YzAiOnsiY3JlYXRlIjoxMjAwMDAwMDAwMDAwLCJkZWxldGUiOjEyMDAwMDAwMDAwMDAsInVwZGF0ZSI6MTIwMDAwMDAwMDAwMH0sInNjaGVtYV92ZXJzaW9uIjoiMSJ9",
          "dependencies": [
            "google_compute_network.my-vpc"
          ]
        }
      ]
    },
    {
      "mode": "managed",
      "type": "google_compute_instance",
      "name": "management-instance",
      "provider": "provider[\"registry.terraform.io/hashicorp/google\"]",
      "instances": [
        {
          "schema_version": 6,
          "attributes": {
            "advanced_machine_features": [],
            "allow_stopping_for_update": null,
            "attached_disk": [],
            "boot_disk": [
              {
                "auto_delete": true,
                "device_name": "persistent-disk-0",
                "disk_encryption_key_raw": "",
                "disk_encryption_key_sha256": "",
                "initialize_params": [
                  {
                    "image": "https://www.googleapis.com/compute/v1/projects/debian-cloud/global/images/debian-9-stretch-v20220406",
                    "labels": {},
                    "size": 10,
                    "type": "pd-standard"
                  }
                ],
                "kms_key_self_link": "",
                "mode": "READ_WRITE",
                "source": "https://www.googleapis.com/compute/v1/projects/omega-fabric-348508/zones/europe-north1-a/disks/management-instance"
              }
            ],
            "can_ip_forward": false,
            "confidential_instance_config": [],
            "cpu_platform": "Intel Skylake",
            "current_status": "RUNNING",
            "deletion_protection": false,
            "description": "",
            "desired_status": null,
            "enable_display": false,
            "guest_accelerator": [],
            "hostname": "",
            "id": "projects/omega-fabric-348508/zones/europe-north1-a/instances/management-instance",
            "instance_id": "6747305303475470419",
            "label_fingerprint": "42WmSpB8rSM=",
            "labels": {},
            "machine_type": "f1-micro",
            "metadata": {},
            "metadata_fingerprint": "BoPTBx32mds=",
            "metadata_startup_script": null,
            "min_cpu_platform": "",
            "name": "management-instance",
            "network_interface": [
              {
                "access_config": [],
                "alias_ip_range": [],
                "ipv6_access_config": [],
                "ipv6_access_type": "",
                "name": "nic0",
                "network": "https://www.googleapis.com/compute/v1/projects/omega-fabric-348508/global/networks/final-task-vpc",
                "network_ip": "10.2.0.2",
                "nic_type": "",
                "queue_count": 0,
                "stack_type": "IPV4_ONLY",
                "subnetwork": "https://www.googleapis.com/compute/v1/projects/omega-fabric-348508/regions/europe-north1/subnetworks/management-subnet",
                "subnetwork_project": "omega-fabric-348508"
              }
            ],
            "project": "omega-fabric-348508",
            "reservation_affinity": [],
            "resource_policies": [],
            "scheduling": [
              {
                "automatic_restart": true,
                "min_node_cpus": 0,
                "node_affinities": [],
                "on_host_maintenance": "MIGRATE",
                "preemptible": false
              }
            ],
            "scratch_disk": [],
            "self_link": "https://www.googleapis.com/compute/v1/projects/omega-fabric-348508/zones/europe-north1-a/instances/management-instance",
            "service_account": [
              {
                "email": "kubernetes-sa@omega-fabric-348508.iam.gserviceaccount.com",
                "scopes": [
                  "https://www.googleapis.com/auth/cloud-platform"
                ]
              }
            ],
            "shielded_instance_config": [],
            "tags": [],
            "tags_fingerprint": "42WmSpB8rSM=",
            "timeouts": null,
            "zone": "europe-north1-a"
          },
          "sensitive_attributes": [],
          "private": "eyJlMmJmYjczMC1lY2FhLTExZTYtOGY4OC0zNDM2M2JjN2M0YzAiOnsiY3JlYXRlIjoxMjAwMDAwMDAwMDAwLCJkZWxldGUiOjEyMDAwMDAwMDAwMDAsInVwZGF0ZSI6MTIwMDAwMDAwMDAwMH0sInNjaGVtYV92ZXJzaW9uIjoiNiJ9",
          "dependencies": [
            "google_compute_network.my-vpc",
            "google_compute_subnetwork.management-subnet",
            "google_service_account.kubernetes-sa"
          ]
        }
      ]
    },
    {
      "mode": "managed",
      "type": "google_compute_network",
      "name": "my-vpc",
      "provider": "provider[\"registry.terraform.io/hashicorp/google\"]",
      "instances": [
        {
          "schema_version": 0,
          "attributes": {
            "auto_create_subnetworks": false,
            "delete_default_routes_on_create": false,
            "description": "",
            "gateway_ipv4": "",
            "id": "projects/omega-fabric-348508/global/networks/final-task-vpc",
            "mtu": 0,
            "name": "final-task-vpc",
            "project": "omega-fabric-348508",
            "routing_mode": "REGIONAL",
            "self_link": "https://www.googleapis.com/compute/v1/projects/omega-fabric-348508/global/networks/final-task-vpc",
            "timeouts": null
          },
          "sensitive_attributes": [],
          "private": "eyJlMmJmYjczMC1lY2FhLTExZTYtOGY4OC0zNDM2M2JjN2M0YzAiOnsiY3JlYXRlIjoxMjAwMDAwMDAwMDAwLCJkZWxldGUiOjEyMDAwMDAwMDAwMDAsInVwZGF0ZSI6MTIwMDAwMDAwMDAwMH19"
        }
      ]
    },
    {
      "mode": "managed",
      "type": "google_compute_router",
      "name": "router",
      "provider": "provider[\"registry.terraform.io/hashicorp/google\"]",
      "instances": [
        {
          "schema_version": 0,
          "attributes": {
            "bgp": [],
            "creation_timestamp": "2022-05-01T05:36:11.119-07:00",
            "description": "",
            "encrypted_interconnect_router": false,
            "id": "projects/omega-fabric-348508/regions/europe-north1/routers/my-router",
            "name": "my-router",
            "network": "https://www.googleapis.com/compute/v1/projects/omega-fabric-348508/global/networks/final-task-vpc",
            "project": "omega-fabric-348508",
            "region": "europe-north1",
            "self_link": "https://www.googleapis.com/compute/v1/projects/omega-fabric-348508/regions/europe-north1/routers/my-router",
            "timeouts": null
          },
          "sensitive_attributes": [],
          "private": "eyJlMmJmYjczMC1lY2FhLTExZTYtOGY4OC0zNDM2M2JjN2M0YzAiOnsiY3JlYXRlIjoxMjAwMDAwMDAwMDAwLCJkZWxldGUiOjEyMDAwMDAwMDAwMDAsInVwZGF0ZSI6MTIwMDAwMDAwMDAwMH19",
          "dependencies": [
            "google_compute_network.my-vpc",
            "google_compute_subnetwork.management-subnet"
          ]
        }
      ]
    },
    {
      "mode": "managed",
      "type": "google_compute_router_nat",
      "name": "nat",
      "provider": "provider[\"registry.terraform.io/hashicorp/google\"]",
      "instances": [
        {
          "schema_version": 0,
          "attributes": {
            "drain_nat_ips": [],
            "enable_endpoint_independent_mapping": true,
            "icmp_idle_timeout_sec": 30,
            "id": "omega-fabric-348508/europe-north1/my-router/my-router-nat",
            "log_config": [
              {
                "enable": true,
                "filter": "ERRORS_ONLY"
              }
            ],
            "min_ports_per_vm": 0,
            "name": "my-router-nat",
            "nat_ip_allocate_option": "AUTO_ONLY",
            "nat_ips": [],
            "project": "omega-fabric-348508",
            "region": "europe-north1",
            "router": "my-router",
            "source_subnetwork_ip_ranges_to_nat": "LIST_OF_SUBNETWORKS",
            "subnetwork": [
              {
                "name": "https://www.googleapis.com/compute/v1/projects/omega-fabric-348508/regions/europe-north1/subnetworks/management-subnet",
                "secondary_ip_range_names": [],
                "source_ip_ranges_to_nat": [
                  "ALL_IP_RANGES"
                ]
              }
            ],
            "tcp_established_idle_timeout_sec": 1200,
            "tcp_transitory_idle_timeout_sec": 30,
            "timeouts": null,
            "udp_idle_timeout_sec": 30
          },
          "sensitive_attributes": [],
          "private": "eyJlMmJmYjczMC1lY2FhLTExZTYtOGY4OC0zNDM2M2JjN2M0YzAiOnsiY3JlYXRlIjoxMjAwMDAwMDAwMDAwLCJkZWxldGUiOjEyMDAwMDAwMDAwMDAsInVwZGF0ZSI6MTIwMDAwMDAwMDAwMH19",
          "dependencies": [
            "google_compute_network.my-vpc",
            "google_compute_router.router",
            "google_compute_subnetwork.management-subnet"
          ]
        }
      ]
    },
    {
      "mode": "managed",
      "type": "google_compute_subnetwork",
      "name": "management-subnet",
      "provider": "provider[\"registry.terraform.io/hashicorp/google\"]",
      "instances": [
        {
          "schema_version": 0,
          "attributes": {
            "creation_timestamp": "2022-05-01T05:35:46.920-07:00",
            "description": "",
            "external_ipv6_prefix": "",
            "fingerprint": null,
            "gateway_address": "10.2.0.1",
            "id": "projects/omega-fabric-348508/regions/europe-north1/subnetworks/management-subnet",
            "ip_cidr_range": "10.2.0.0/24",
            "ipv6_access_type": "",
            "ipv6_cidr_range": "",
            "log_config": [],
            "name": "management-subnet",
            "network": "https://www.googleapis.com/compute/v1/projects/omega-fabric-348508/global/networks/final-task-vpc",
            "private_ip_google_access": false,
            "private_ipv6_google_access": "DISABLE_GOOGLE_ACCESS",
            "project": "omega-fabric-348508",
            "purpose": "PRIVATE",
            "region": "europe-north1",
            "role": "",
            "secondary_ip_range": [],
            "self_link": "https://www.googleapis.com/compute/v1/projects/omega-fabric-348508/regions/europe-north1/subnetworks/management-subnet",
            "stack_type": "IPV4_ONLY",
            "timeouts": null
          },
          "sensitive_attributes": [],
          "private": "eyJlMmJmYjczMC1lY2FhLTExZTYtOGY4OC0zNDM2M2JjN2M0YzAiOnsiY3JlYXRlIjoxMjAwMDAwMDAwMDAwLCJkZWxldGUiOjEyMDAwMDAwMDAwMDAsInVwZGF0ZSI6MTIwMDAwMDAwMDAwMH19",
          "dependencies": [
            "google_compute_network.my-vpc"
          ]
        }
      ]
    },
    {
      "mode": "managed",
      "type": "google_compute_subnetwork",
      "name": "restricted-subent",
      "provider": "provider[\"registry.terraform.io/hashicorp/google\"]",
      "instances": [
        {
          "schema_version": 0,
          "attributes": {
            "creation_timestamp": "2022-05-01T05:35:48.049-07:00",
            "description": "",
            "external_ipv6_prefix": "",
            "fingerprint": null,
            "gateway_address": "10.3.0.1",
            "id": "projects/omega-fabric-348508/regions/europe-north1/subnetworks/restricted-subent",
            "ip_cidr_range": "10.3.0.0/24",
            "ipv6_access_type": "",
            "ipv6_cidr_range": "",
            "log_config": [],
            "name": "restricted-subent",
            "network": "https://www.googleapis.com/compute/v1/projects/omega-fabric-348508/global/networks/final-task-vpc",
            "private_ip_google_access": true,
            "private_ipv6_google_access": "DISABLE_GOOGLE_ACCESS",
            "project": "omega-fabric-348508",
            "purpose": "PRIVATE",
            "region": "europe-north1",
            "role": "",
            "secondary_ip_range": [
              {
                "ip_cidr_range": "10.20.0.0/20",
                "range_name": "k8s-pods-range"
              },
              {
                "ip_cidr_range": "10.52.0.0/20",
                "range_name": "k8s-service-range"
              }
            ],
            "self_link": "https://www.googleapis.com/compute/v1/projects/omega-fabric-348508/regions/europe-north1/subnetworks/restricted-subent",
            "stack_type": "IPV4_ONLY",
            "timeouts": null
          },
          "sensitive_attributes": [],
          "private": "eyJlMmJmYjczMC1lY2FhLTExZTYtOGY4OC0zNDM2M2JjN2M0YzAiOnsiY3JlYXRlIjoxMjAwMDAwMDAwMDAwLCJkZWxldGUiOjEyMDAwMDAwMDAwMDAsInVwZGF0ZSI6MTIwMDAwMDAwMDAwMH19",
          "dependencies": [
            "google_compute_network.my-vpc"
          ]
        }
      ]
    },
    {
      "mode": "managed",
      "type": "google_container_cluster",
      "name": "my-cluster",
      "provider": "provider[\"registry.terraform.io/hashicorp/google\"]",
      "instances": [
        {
          "schema_version": 1,
          "attributes": {
            "addons_config": [
              {
                "cloudrun_config": [],
                "gcp_filestore_csi_driver_config": [],
                "horizontal_pod_autoscaling": [],
                "http_load_balancing": [],
                "network_policy_config": [
                  {
                    "disabled": true
                  }
                ]
              }
            ],
            "authenticator_groups_config": [],
            "cluster_autoscaling": [
              {
                "auto_provisioning_defaults": [],
                "enabled": false,
                "resource_limits": []
              }
            ],
            "cluster_ipv4_cidr": "10.20.0.0/20",
            "confidential_nodes": [],
            "database_encryption": [
              {
                "key_name": "",
                "state": "DECRYPTED"
              }
            ],
            "datapath_provider": "",
            "default_max_pods_per_node": 110,
            "default_snat_status": [
              {
                "disabled": false
              }
            ],
            "description": "",
            "dns_config": [],
            "enable_autopilot": false,
            "enable_binary_authorization": false,
            "enable_intranode_visibility": false,
            "enable_kubernetes_alpha": false,
            "enable_legacy_abac": false,
            "enable_shielded_nodes": true,
            "enable_tpu": false,
            "endpoint": "35.228.42.127",
            "id": "projects/omega-fabric-348508/locations/europe-north1/clusters/my-gke-cluster",
            "initial_node_count": 1,
            "ip_allocation_policy": [
              {
                "cluster_ipv4_cidr_block": "10.20.0.0/20",
                "cluster_secondary_range_name": "k8s-pods-range",
                "services_ipv4_cidr_block": "10.52.0.0/20",
                "services_secondary_range_name": "k8s-service-range"
              }
            ],
            "label_fingerprint": "a9dc16a7",
            "location": "europe-north1",
            "logging_config": [
              {
                "enable_components": [
                  "SYSTEM_COMPONENTS",
                  "WORKLOADS"
                ]
              }
            ],
            "logging_service": "logging.googleapis.com/kubernetes",
            "maintenance_policy": [],
            "master_auth": [
              {
                "client_certificate": "",
                "client_certificate_config": [
                  {
                    "issue_client_certificate": false
                  }
                ],
                "client_key": "",
                "cluster_ca_certificate": "LS0tLS1CRUdJTiBDRVJUSUZJQ0FURS0tLS0tCk1JSUVMRENDQXBTZ0F3SUJBZ0lRR1Y3MUNPYmh4OVZ0eEFaalRPVFN4akFOQmdrcWhraUc5dzBCQVFzRkFEQXYKTVMwd0t3WURWUVFERXlRNE4yRmpNVEJsWWkwM01HUmhMVFJtTkdZdFltVTVOaTAyTXpGak9URTRNVFE1WTJZdwpJQmNOTWpJd05UQXhNVEV6TmpJeldoZ1BNakExTWpBME1qTXhNak0yTWpOYU1DOHhMVEFyQmdOVkJBTVRKRGczCllXTXhNR1ZpTFRjd1pHRXROR1kwWmkxaVpUazJMVFl6TVdNNU1UZ3hORGxqWmpDQ0FhSXdEUVlKS29aSWh2Y04KQVFFQkJRQURnZ0dQQURDQ0FZb0NnZ0dCQU1UbXdhTXNtN2puMVBBTk1xNlRwNkVKTC9qeG05clp3OVY4c0FPSAo0NXNBWFdRa3JmTnJjeldqdGEveUNHRzNNZTNqeHpUNHF4M2JUczlFOTlVL1VqQU9IUUZQRFdsbk40VGFXVXdJCkFKanBmVDhvS04wck11WEk0K1dQdDVnWER6b0I0aE9QQVlKZGl6ZEF1cTlVVkVhSk5GVUpEL0NEUEpFdTJLSnYKUHY0NnFzRDNrNXFzM2FPSldvUWtCY0I5YkV1cjdIUG95Z2k5MU52OVB1UnJCYWhPYVpXcng1dllWNGdrVGNqWQpBZU9IcS9hWUlWbS9UdklyNzJaZ01ZYTN3ZTN6Mk13b3R0K0hTVDBCN1JyYW5uUjdlMzRacjhTUTZORlorcno4CjJodWZ3YVdxM1o3ajZ4TmNDS25KVnFDSTJSYmxwVXgweHJ3TDFOdCt6d3hrNDhzSVdlUkhCYXRITVhwNFNvUlIKQmlkOGRHRDFDZG04MHpONUpFV3lqb29wamVCVUVUU0pDTjRpWm9ueWZQd3c4UjliQndEYmdOWnpHQ2dvN1ZtQwozN1AxTHZyRUYvSE9MUnVydUZ5QmQzbEZnUXpzaHEzZk5HMzJ5Qi91S24zU3lxZVdXekVTVDlGODk5M09oak03CmVvMENwZkhFWWFVR2U4dzJ3YWlMRUI1ZW9RSURBUUFCbzBJd1FEQU9CZ05WSFE4QkFmOEVCQU1DQWdRd0R3WUQKVlIwVEFRSC9CQVV3QXdFQi96QWRCZ05WSFE0RUZnUVVRZ3BnY1BPV0U4UDc3aGpUSUFHaVJVZzAvN2t3RFFZSgpLb1pJaHZjTkFRRUxCUUFEZ2dHQkFKM3VrUHpIYUtoUUx4NkJpeGxYWk8yK3dXeSt2dVEyTHBvS29pNU04S1pKCmNtT1Ewa1M3blBDc21uWStuWC9Zd1pZZ0UvTlJIei9uM09yOWw4NlpWZjNHSnhQTGpDeFRMUFJaUXVVOUJ1RlQKdG1MYnRoZmg1bTRZZW1TZi9Xc2NZN0lxbzVVQ2VOM0U1MTJCR3V4S0pOeDFwQUxtUjFKckxJOVB3V1VzaDN0bAp4UERYaDh2SnhEU1VnNGZ6SFNaR2xlR21Dcys5UEZwNzFCUmNwOTJiT2F6dVRjSW1HRExacnM3MTJBeXlIMW5GCjRnQTRQdUhXQkFFWFlRZFBpYzdIWXNrTjNqQmJqRk9jZmpOSWR4dFEzVGY5QUNSUk9qTzFzM3NyNUhhWEQ3Z2QKWDFRZUdXbjVYWEhrdllNamdVYkd3VXBWRytFVWs1U1BnSjFCNG4rWmJobWphSE1mTExyZkFjOEZJdU10am9CNAo4UEFQWkRKeUpkU2JiOFk3TUgvTU1obTQxWjNkMkRjZnh1SjVZUFlzcTFRSHkvYTdCZmp4bFZuRXBhR1VVRTdnClY2Y0VFakV3RzI5VlVXMkhBekowa3BsS1Y3NDNWYTlXL1Jmb0VqS25DclNSVHcyYUFBRTJvTCtzVjdkZHpjaUUKdHNJL3lBOVpjUTYrNVI0TmIvL0cxQT09Ci0tLS0tRU5EIENFUlRJRklDQVRFLS0tLS0K"
              }
            ],
            "master_authorized_networks_config": [
              {
                "cidr_blocks": [
                  {
                    "cidr_block": "10.2.0.0/24",
                    "display_name": ""
                  }
                ]
              }
            ],
            "master_version": "1.21.10-gke.2000",
            "min_master_version": null,
            "monitoring_config": [
              {
                "enable_components": [
                  "SYSTEM_COMPONENTS"
                ]
              }
            ],
            "monitoring_service": "monitoring.googleapis.com/kubernetes",
            "name": "my-gke-cluster",
            "network": "projects/omega-fabric-348508/global/networks/final-task-vpc",
            "network_policy": [
              {
                "enabled": false,
                "provider": "PROVIDER_UNSPECIFIED"
              }
            ],
            "networking_mode": "VPC_NATIVE",
            "node_config": [
              {
                "boot_disk_kms_key": "",
                "disk_size_gb": 10,
                "disk_type": "pd-standard",
                "gcfs_config": [],
                "guest_accelerator": [],
                "gvnic": [],
                "image_type": "COS_CONTAINERD",
                "labels": {},
                "local_ssd_count": 0,
                "machine_type": "e2-micro",
                "metadata": {
                  "disable-legacy-endpoints": "true"
                },
                "min_cpu_platform": "",
                "node_group": "",
                "oauth_scopes": [
                  "https://www.googleapis.com/auth/cloud-platform"
                ],
                "preemptible": true,
                "service_account": "kubernetes-sa@omega-fabric-348508.iam.gserviceaccount.com",
                "shielded_instance_config": [
                  {
                    "enable_integrity_monitoring": true,
                    "enable_secure_boot": false
                  }
                ],
                "tags": [],
                "taint": [],
                "workload_metadata_config": [
                  {
                    "mode": "GKE_METADATA"
                  }
                ]
              }
            ],
            "node_locations": [
              "europe-north1-a",
              "europe-north1-b",
              "europe-north1-c"
            ],
            "node_pool": [
              {
                "autoscaling": [],
                "initial_node_count": 1,
                "instance_group_urls": [
                  "https://www.googleapis.com/compute/v1/projects/omega-fabric-348508/zones/europe-north1-a/instanceGroupManagers/gke-my-gke-cluster-my-node-pool-d6356200-grp",
                  "https://www.googleapis.com/compute/v1/projects/omega-fabric-348508/zones/europe-north1-b/instanceGroupManagers/gke-my-gke-cluster-my-node-pool-0b9b57a3-grp",
                  "https://www.googleapis.com/compute/v1/projects/omega-fabric-348508/zones/europe-north1-c/instanceGroupManagers/gke-my-gke-cluster-my-node-pool-7736259e-grp"
                ],
                "managed_instance_group_urls": [
                  "https://www.googleapis.com/compute/v1/projects/omega-fabric-348508/zones/europe-north1-a/instanceGroups/gke-my-gke-cluster-my-node-pool-d6356200-grp",
                  "https://www.googleapis.com/compute/v1/projects/omega-fabric-348508/zones/europe-north1-b/instanceGroups/gke-my-gke-cluster-my-node-pool-0b9b57a3-grp",
                  "https://www.googleapis.com/compute/v1/projects/omega-fabric-348508/zones/europe-north1-c/instanceGroups/gke-my-gke-cluster-my-node-pool-7736259e-grp"
                ],
                "management": [
                  {
                    "auto_repair": true,
                    "auto_upgrade": true
                  }
                ],
                "max_pods_per_node": 110,
                "name": "my-node-pool",
                "name_prefix": "",
                "node_config": [
                  {
                    "boot_disk_kms_key": "",
                    "disk_size_gb": 10,
                    "disk_type": "pd-standard",
                    "gcfs_config": [],
                    "guest_accelerator": [],
                    "gvnic": [],
                    "image_type": "COS_CONTAINERD",
                    "labels": {},
                    "local_ssd_count": 0,
                    "machine_type": "e2-micro",
                    "metadata": {
                      "disable-legacy-endpoints": "true"
                    },
                    "min_cpu_platform": "",
                    "node_group": "",
                    "oauth_scopes": [
                      "https://www.googleapis.com/auth/cloud-platform"
                    ],
                    "preemptible": true,
                    "service_account": "kubernetes-sa@omega-fabric-348508.iam.gserviceaccount.com",
                    "shielded_instance_config": [
                      {
                        "enable_integrity_monitoring": true,
                        "enable_secure_boot": false
                      }
                    ],
                    "tags": [],
                    "taint": [],
                    "workload_metadata_config": [
                      {
                        "mode": "GKE_METADATA"
                      }
                    ]
                  }
                ],
                "node_count": 1,
                "node_locations": [
                  "europe-north1-a",
                  "europe-north1-b",
                  "europe-north1-c"
                ],
                "upgrade_settings": [
                  {
                    "max_surge": 1,
                    "max_unavailable": 0
                  }
                ],
                "version": "1.21.10-gke.2000"
              }
            ],
            "node_version": "1.21.10-gke.2000",
            "operation": null,
            "private_cluster_config": [
              {
                "enable_private_endpoint": false,
                "enable_private_nodes": true,
                "master_global_access_config": [
                  {
                    "enabled": false
                  }
                ],
                "master_ipv4_cidr_block": "172.16.0.0/28",
                "peering_name": "gke-nf0b6bcf8d943c1ef814-7268-1646-peer",
                "private_endpoint": "172.16.0.2",
                "public_endpoint": "35.228.42.127"
              }
            ],
            "private_ipv6_google_access": "",
            "project": "omega-fabric-348508",
            "release_channel": [
              {
                "channel": "REGULAR"
              }
            ],
            "remove_default_node_pool": true,
            "resource_labels": {},
            "resource_usage_export_config": [],
            "self_link": "https://container.googleapis.com/v1/projects/omega-fabric-348508/locations/europe-north1/clusters/my-gke-cluster",
            "services_ipv4_cidr": "10.52.0.0/20",
            "subnetwork": "projects/omega-fabric-348508/regions/europe-north1/subnetworks/restricted-subent",
            "timeouts": null,
            "tpu_ipv4_cidr_block": "",
            "vertical_pod_autoscaling": [],
            "workload_identity_config": [
              {
                "workload_pool": "omega-fabric-348508.svc.id.goog"
              }
            ]
          },
          "sensitive_attributes": [],
          "private": "eyJlMmJmYjczMC1lY2FhLTExZTYtOGY4OC0zNDM2M2JjN2M0YzAiOnsiY3JlYXRlIjoyNDAwMDAwMDAwMDAwLCJkZWxldGUiOjI0MDAwMDAwMDAwMDAsInJlYWQiOjI0MDAwMDAwMDAwMDAsInVwZGF0ZSI6MzYwMDAwMDAwMDAwMH0sInNjaGVtYV92ZXJzaW9uIjoiMSJ9",
          "dependencies": [
            "google_compute_network.my-vpc",
            "google_compute_subnetwork.restricted-subent"
          ]
        }
      ]
    },
    {
      "mode": "managed",
      "type": "google_container_node_pool",
      "name": "my-node-pool",
      "provider": "provider[\"registry.terraform.io/hashicorp/google\"]",
      "instances": [
        {
          "schema_version": 1,
          "attributes": {
            "autoscaling": [],
            "cluster": "my-gke-cluster",
            "id": "projects/omega-fabric-348508/locations/europe-north1/clusters/my-gke-cluster/nodePools/my-node-pool",
            "initial_node_count": 1,
            "instance_group_urls": [
              "https://www.googleapis.com/compute/v1/projects/omega-fabric-348508/zones/europe-north1-a/instanceGroupManagers/gke-my-gke-cluster-my-node-pool-d6356200-grp",
              "https://www.googleapis.com/compute/v1/projects/omega-fabric-348508/zones/europe-north1-b/instanceGroupManagers/gke-my-gke-cluster-my-node-pool-0b9b57a3-grp",
              "https://www.googleapis.com/compute/v1/projects/omega-fabric-348508/zones/europe-north1-c/instanceGroupManagers/gke-my-gke-cluster-my-node-pool-7736259e-grp"
            ],
            "location": "europe-north1",
            "managed_instance_group_urls": [
              "https://www.googleapis.com/compute/v1/projects/omega-fabric-348508/zones/europe-north1-a/instanceGroups/gke-my-gke-cluster-my-node-pool-d6356200-grp",
              "https://www.googleapis.com/compute/v1/projects/omega-fabric-348508/zones/europe-north1-b/instanceGroups/gke-my-gke-cluster-my-node-pool-0b9b57a3-grp",
              "https://www.googleapis.com/compute/v1/projects/omega-fabric-348508/zones/europe-north1-c/instanceGroups/gke-my-gke-cluster-my-node-pool-7736259e-grp"
            ],
            "management": [
              {
                "auto_repair": true,
                "auto_upgrade": true
              }
            ],
            "max_pods_per_node": 110,
            "name": "my-node-pool",
            "name_prefix": "",
            "node_config": [
              {
                "boot_disk_kms_key": "",
                "disk_size_gb": 10,
                "disk_type": "pd-standard",
                "gcfs_config": [],
                "guest_accelerator": [],
                "gvnic": [],
                "image_type": "COS_CONTAINERD",
                "labels": {},
                "local_ssd_count": 0,
                "machine_type": "e2-micro",
                "metadata": {
                  "disable-legacy-endpoints": "true"
                },
                "min_cpu_platform": "",
                "node_group": "",
                "oauth_scopes": [
                  "https://www.googleapis.com/auth/cloud-platform"
                ],
                "preemptible": true,
                "service_account": "kubernetes-sa@omega-fabric-348508.iam.gserviceaccount.com",
                "shielded_instance_config": [
                  {
                    "enable_integrity_monitoring": true,
                    "enable_secure_boot": false
                  }
                ],
                "tags": [],
                "taint": [],
                "workload_metadata_config": [
                  {
                    "mode": "GKE_METADATA"
                  }
                ]
              }
            ],
            "node_count": 1,
            "node_locations": [
              "europe-north1-a",
              "europe-north1-b",
              "europe-north1-c"
            ],
            "operation": null,
            "project": "omega-fabric-348508",
            "timeouts": null,
            "upgrade_settings": [
              {
                "max_surge": 1,
                "max_unavailable": 0
              }
            ],
            "version": "1.21.10-gke.2000"
          },
          "sensitive_attributes": [],
          "private": "eyJlMmJmYjczMC1lY2FhLTExZTYtOGY4OC0zNDM2M2JjN2M0YzAiOnsiY3JlYXRlIjoxODAwMDAwMDAwMDAwLCJkZWxldGUiOjE4MDAwMDAwMDAwMDAsInVwZGF0ZSI6MTgwMDAwMDAwMDAwMH0sInNjaGVtYV92ZXJzaW9uIjoiMSJ9",
          "dependencies": [
            "google_compute_network.my-vpc",
            "google_compute_subnetwork.restricted-subent",
            "google_container_cluster.my-cluster",
            "google_service_account.kubernetes-sa"
          ]
        }
      ]
    },
    {
      "mode": "managed",
      "type": "google_project_iam_member",
      "name": "firestore_owner_binding",
      "provider": "provider[\"registry.terraform.io/hashicorp/google\"]",
      "instances": [
        {
          "schema_version": 0,
          "attributes": {
            "condition": [],
            "etag": "BwXd86DsQYc=",
            "id": "omega-fabric-348508/roles/container.admin/serviceAccount:kubernetes-sa@omega-fabric-348508.iam.gserviceaccount.com",
            "member": "serviceAccount:kubernetes-sa@omega-fabric-348508.iam.gserviceaccount.com",
            "project": "omega-fabric-348508",
            "role": "roles/container.admin"
          },
          "sensitive_attributes": [],
          "private": "bnVsbA==",
          "dependencies": [
            "google_service_account.kubernetes-sa"
          ]
        }
      ]
    },
    {
      "mode": "managed",
      "type": "google_service_account",
      "name": "kubernetes-sa",
      "provider": "provider[\"registry.terraform.io/hashicorp/google\"]",
      "instances": [
        {
          "schema_version": 0,
          "attributes": {
            "account_id": "kubernetes-sa",
            "description": "",
            "disabled": false,
            "display_name": "",
            "email": "kubernetes-sa@omega-fabric-348508.iam.gserviceaccount.com",
            "id": "projects/omega-fabric-348508/serviceAccounts/kubernetes-sa@omega-fabric-348508.iam.gserviceaccount.com",
            "name": "projects/omega-fabric-348508/serviceAccounts/kubernetes-sa@omega-fabric-348508.iam.gserviceaccount.com",
            "project": "omega-fabric-348508",
            "timeouts": null,
            "unique_id": "114766569735680181215"
          },
          "sensitive_attributes": [],
          "private": "eyJlMmJmYjczMC1lY2FhLTExZTYtOGY4OC0zNDM2M2JjN2M0YzAiOnsiY3JlYXRlIjozMDAwMDAwMDAwMDB9fQ=="
        }
      ]
    }
  ]
}
